// !$*UTF8*$!
{
	archiveVersion = 1;
	classes = {
	};
	objectVersion = 77;
	objects = {

/* Begin PBXContainerItemProxy section */
		2C936F3B2D7E4F4E0041DEA4 /* PBXContainerItemProxy */ = {
			isa = PBXContainerItemProxy;
			containerPortal = 2C936F1C2D7E4F4D0041DEA4 /* Project object */;
			proxyType = 1;
			remoteGlobalIDString = 2C936F232D7E4F4D0041DEA4;
			remoteInfo = "WetherApp (Portfolio)";
		};
		2C936F452D7E4F4E0041DEA4 /* PBXContainerItemProxy */ = {
			isa = PBXContainerItemProxy;
			containerPortal = 2C936F1C2D7E4F4D0041DEA4 /* Project object */;
			proxyType = 1;
			remoteGlobalIDString = 2C936F232D7E4F4D0041DEA4;
			remoteInfo = "WetherApp (Portfolio)";
		};
/* End PBXContainerItemProxy section */

/* Begin PBXFileReference section */
		2C936F242D7E4F4D0041DEA4 /* WetherApp (Portfolio).app */ = {isa = PBXFileReference; explicitFileType = wrapper.application; includeInIndex = 0; path = "WetherApp (Portfolio).app"; sourceTree = BUILT_PRODUCTS_DIR; };
		2C936F3A2D7E4F4E0041DEA4 /* WetherApp (Portfolio)Tests.xctest */ = {isa = PBXFileReference; explicitFileType = wrapper.cfbundle; includeInIndex = 0; path = "WetherApp (Portfolio)Tests.xctest"; sourceTree = BUILT_PRODUCTS_DIR; };
		2C936F442D7E4F4E0041DEA4 /* WetherApp (Portfolio)UITests.xctest */ = {isa = PBXFileReference; explicitFileType = wrapper.cfbundle; includeInIndex = 0; path = "WetherApp (Portfolio)UITests.xctest"; sourceTree = BUILT_PRODUCTS_DIR; };
/* End PBXFileReference section */

/* Begin PBXFileSystemSynchronizedBuildFileExceptionSet section */
		2C936F4C2D7E4F4E0041DEA4 /* Exceptions for "WetherApp (Portfolio)" folder in "WetherApp (Portfolio)" target */ = {
			isa = PBXFileSystemSynchronizedBuildFileExceptionSet;
			membershipExceptions = (
				Info.plist,
			);
			target = 2C936F232D7E4F4D0041DEA4 /* WetherApp (Portfolio) */;
		};
/* End PBXFileSystemSynchronizedBuildFileExceptionSet section */

/* Begin PBXFileSystemSynchronizedRootGroup section */
		2C936F262D7E4F4D0041DEA4 /* WetherApp (Portfolio) */ = {
			isa = PBXFileSystemSynchronizedRootGroup;
			exceptions = (
				2C936F4C2D7E4F4E0041DEA4 /* Exceptions for "WetherApp (Portfolio)" folder in "WetherApp (Portfolio)" target */,
			);
			path = "WetherApp (Portfolio)";
			sourceTree = "<group>";
		};
		2C936F3D2D7E4F4E0041DEA4 /* WetherApp (Portfolio)Tests */ = {
			isa = PBXFileSystemSynchronizedRootGroup;
			path = "WetherApp (Portfolio)Tests";
			sourceTree = "<group>";
		};
		2C936F472D7E4F4E0041DEA4 /* WetherApp (Portfolio)UITests */ = {
			isa = PBXFileSystemSynchronizedRootGroup;
			path = "WetherApp (Portfolio)UITests";
			sourceTree = "<group>";
		};
/* End PBXFileSystemSynchronizedRootGroup section */

/* Begin PBXFrameworksBuildPhase section */
		2C936F212D7E4F4D0041DEA4 /* Frameworks */ = {
			isa = PBXFrameworksBuildPhase;
			buildActionMask = 2147483647;
			files = (
			);
			runOnlyForDeploymentPostprocessing = 0;
		};
		2C936F372D7E4F4E0041DEA4 /* Frameworks */ = {
			isa = PBXFrameworksBuildPhase;
			buildActionMask = 2147483647;
			files = (
			);
			runOnlyForDeploymentPostprocessing = 0;
		};
		2C936F412D7E4F4E0041DEA4 /* Frameworks */ = {
			isa = PBXFrameworksBuildPhase;
			buildActionMask = 2147483647;
			files = (
			);
			runOnlyForDeploymentPostprocessing = 0;
		};
/* End PBXFrameworksBuildPhase section */

/* Begin PBXGroup section */
		2C936F1B2D7E4F4D0041DEA4 = {
			isa = PBXGroup;
			children = (
				2C936F262D7E4F4D0041DEA4 /* WetherApp (Portfolio) */,
				2C936F3D2D7E4F4E0041DEA4 /* WetherApp (Portfolio)Tests */,
				2C936F472D7E4F4E0041DEA4 /* WetherApp (Portfolio)UITests */,
				2C936F252D7E4F4D0041DEA4 /* Products */,
			);
			sourceTree = "<group>";
		};
		2C936F252D7E4F4D0041DEA4 /* Products */ = {
			isa = PBXGroup;
			children = (
				2C936F242D7E4F4D0041DEA4 /* WetherApp (Portfolio).app */,
				2C936F3A2D7E4F4E0041DEA4 /* WetherApp (Portfolio)Tests.xctest */,
				2C936F442D7E4F4E0041DEA4 /* WetherApp (Portfolio)UITests.xctest */,
			);
			name = Products;
			sourceTree = "<group>";
		};
/* End PBXGroup section */

/* Begin PBXNativeTarget section */
		2C936F232D7E4F4D0041DEA4 /* WetherApp (Portfolio) */ = {
			isa = PBXNativeTarget;
			buildConfigurationList = 2C936F4D2D7E4F4E0041DEA4 /* Build configuration list for PBXNativeTarget "WetherApp (Portfolio)" */;
			buildPhases = (
				2C936F202D7E4F4D0041DEA4 /* Sources */,
				2C936F212D7E4F4D0041DEA4 /* Frameworks */,
				2C936F222D7E4F4D0041DEA4 /* Resources */,
			);
			buildRules = (
			);
			dependencies = (
			);
			fileSystemSynchronizedGroups = (
				2C936F262D7E4F4D0041DEA4 /* WetherApp (Portfolio) */,
			);
			name = "WetherApp (Portfolio)";
			packageProductDependencies = (
			);
			productName = "WetherApp (Portfolio)";
			productReference = 2C936F242D7E4F4D0041DEA4 /* WetherApp (Portfolio).app */;
			productType = "com.apple.product-type.application";
		};
		2C936F392D7E4F4E0041DEA4 /* WetherApp (Portfolio)Tests */ = {
			isa = PBXNativeTarget;
			buildConfigurationList = 2C936F522D7E4F4E0041DEA4 /* Build configuration list for PBXNativeTarget "WetherApp (Portfolio)Tests" */;
			buildPhases = (
				2C936F362D7E4F4E0041DEA4 /* Sources */,
				2C936F372D7E4F4E0041DEA4 /* Frameworks */,
				2C936F382D7E4F4E0041DEA4 /* Resources */,
			);
			buildRules = (
			);
			dependencies = (
				2C936F3C2D7E4F4E0041DEA4 /* PBXTargetDependency */,
			);
			fileSystemSynchronizedGroups = (
				2C936F3D2D7E4F4E0041DEA4 /* WetherApp (Portfolio)Tests */,
			);
			name = "WetherApp (Portfolio)Tests";
			packageProductDependencies = (
			);
			productName = "WetherApp (Portfolio)Tests";
			productReference = 2C936F3A2D7E4F4E0041DEA4 /* WetherApp (Portfolio)Tests.xctest */;
			productType = "com.apple.product-type.bundle.unit-test";
		};
		2C936F432D7E4F4E0041DEA4 /* WetherApp (Portfolio)UITests */ = {
			isa = PBXNativeTarget;
			buildConfigurationList = 2C936F552D7E4F4E0041DEA4 /* Build configuration list for PBXNativeTarget "WetherApp (Portfolio)UITests" */;
			buildPhases = (
				2C936F402D7E4F4E0041DEA4 /* Sources */,
				2C936F412D7E4F4E0041DEA4 /* Frameworks */,
				2C936F422D7E4F4E0041DEA4 /* Resources */,
			);
			buildRules = (
			);
			dependencies = (
				2C936F462D7E4F4E0041DEA4 /* PBXTargetDependency */,
			);
			fileSystemSynchronizedGroups = (
				2C936F472D7E4F4E0041DEA4 /* WetherApp (Portfolio)UITests */,
			);
			name = "WetherApp (Portfolio)UITests";
			packageProductDependencies = (
			);
			productName = "WetherApp (Portfolio)UITests";
			productReference = 2C936F442D7E4F4E0041DEA4 /* WetherApp (Portfolio)UITests.xctest */;
			productType = "com.apple.product-type.bundle.ui-testing";
		};
/* End PBXNativeTarget section */

/* Begin PBXProject section */
		2C936F1C2D7E4F4D0041DEA4 /* Project object */ = {
			isa = PBXProject;
			attributes = {
				BuildIndependentTargetsInParallel = 1;
				LastSwiftUpdateCheck = 1620;
				LastUpgradeCheck = 1620;
				TargetAttributes = {
					2C936F232D7E4F4D0041DEA4 = {
						CreatedOnToolsVersion = 16.2;
					};
					2C936F392D7E4F4E0041DEA4 = {
						CreatedOnToolsVersion = 16.2;
						TestTargetID = 2C936F232D7E4F4D0041DEA4;
					};
					2C936F432D7E4F4E0041DEA4 = {
						CreatedOnToolsVersion = 16.2;
						TestTargetID = 2C936F232D7E4F4D0041DEA4;
					};
				};
			};
			buildConfigurationList = 2C936F1F2D7E4F4D0041DEA4 /* Build configuration list for PBXProject "WetherApp (Portfolio)" */;
			developmentRegion = en;
			hasScannedForEncodings = 0;
			knownRegions = (
				en,
				Base,
			);
			mainGroup = 2C936F1B2D7E4F4D0041DEA4;
			minimizedProjectReferenceProxies = 1;
			preferredProjectObjectVersion = 77;
			productRefGroup = 2C936F252D7E4F4D0041DEA4 /* Products */;
			projectDirPath = "";
			projectRoot = "";
			targets = (
				2C936F232D7E4F4D0041DEA4 /* WetherApp (Portfolio) */,
				2C936F392D7E4F4E0041DEA4 /* WetherApp (Portfolio)Tests */,
				2C936F432D7E4F4E0041DEA4 /* WetherApp (Portfolio)UITests */,
			);
		};
/* End PBXProject section */

/* Begin PBXResourcesBuildPhase section */
		2C936F222D7E4F4D0041DEA4 /* Resources */ = {
			isa = PBXResourcesBuildPhase;
			buildActionMask = 2147483647;
			files = (
			);
			runOnlyForDeploymentPostprocessing = 0;
		};
		2C936F382D7E4F4E0041DEA4 /* Resources */ = {
			isa = PBXResourcesBuildPhase;
			buildActionMask = 2147483647;
			files = (
			);
			runOnlyForDeploymentPostprocessing = 0;
		};
		2C936F422D7E4F4E0041DEA4 /* Resources */ = {
			isa = PBXResourcesBuildPhase;
			buildActionMask = 2147483647;
			files = (
			);
			runOnlyForDeploymentPostprocessing = 0;
		};
/* End PBXResourcesBuildPhase section */

/* Begin PBXSourcesBuildPhase section */
		2C936F202D7E4F4D0041DEA4 /* Sources */ = {
			isa = PBXSourcesBuildPhase;
			buildActionMask = 2147483647;
			files = (
			);
			runOnlyForDeploymentPostprocessing = 0;
		};
		2C936F362D7E4F4E0041DEA4 /* Sources */ = {
			isa = PBXSourcesBuildPhase;
			buildActionMask = 2147483647;
			files = (
			);
			runOnlyForDeploymentPostprocessing = 0;
		};
		2C936F402D7E4F4E0041DEA4 /* Sources */ = {
			isa = PBXSourcesBuildPhase;
			buildActionMask = 2147483647;
			files = (
			);
			runOnlyForDeploymentPostprocessing = 0;
		};
/* End PBXSourcesBuildPhase section */

/* Begin PBXTargetDependency section */
		2C936F3C2D7E4F4E0041DEA4 /* PBXTargetDependency */ = {
			isa = PBXTargetDependency;
			target = 2C936F232D7E4F4D0041DEA4 /* WetherApp (Portfolio) */;
			targetProxy = 2C936F3B2D7E4F4E0041DEA4 /* PBXContainerItemProxy */;
		};
		2C936F462D7E4F4E0041DEA4 /* PBXTargetDependency */ = {
			isa = PBXTargetDependency;
			target = 2C936F232D7E4F4D0041DEA4 /* WetherApp (Portfolio) */;
			targetProxy = 2C936F452D7E4F4E0041DEA4 /* PBXContainerItemProxy */;
		};
/* End PBXTargetDependency section */

/* Begin XCBuildConfiguration section */
		2C936F4E2D7E4F4E0041DEA4 /* Debug */ = {
			isa = XCBuildConfiguration;
			buildSettings = {
				ASSETCATALOG_COMPILER_APPICON_NAME = AppIcon;
				ASSETCATALOG_COMPILER_GLOBAL_ACCENT_COLOR_NAME = AccentColor;
				CODE_SIGN_STYLE = Automatic;
				CURRENT_PROJECT_VERSION = 1;
				DEVELOPMENT_TEAM = C495CY9334;
				GENERATE_INFOPLIST_FILE = YES;
				INFOPLIST_FILE = "WetherApp (Portfolio)/Info.plist";
				INFOPLIST_KEY_UIApplicationSupportsIndirectInputEvents = YES;
				INFOPLIST_KEY_UILaunchStoryboardName = LaunchScreen;
				INFOPLIST_KEY_UIMainStoryboardFile = Main;
				INFOPLIST_KEY_UISupportedInterfaceOrientations_iPad = "UIInterfaceOrientationPortrait UIInterfaceOrientationPortraitUpsideDown UIInterfaceOrientationLandscapeLeft UIInterfaceOrientationLandscapeRight";
				INFOPLIST_KEY_UISupportedInterfaceOrientations_iPhone = "UIInterfaceOrientationPortrait UIInterfaceOrientationLandscapeLeft UIInterfaceOrientationLandscapeRight";
				LD_RUNPATH_SEARCH_PATHS = (
					"$(inherited)",
					"@executable_path/Frameworks",
				);
				MARKETING_VERSION = 1.0;
				PRODUCT_BUNDLE_IDENTIFIER = "com.memotronika.WetherApp--Portfolio-";
				PRODUCT_NAME = "$(TARGET_NAME)";
				SWIFT_EMIT_LOC_STRINGS = YES;
				SWIFT_VERSION = 5.0;
				TARGETED_DEVICE_FAMILY = "1,2";
			};
			name = Debug;
		};
		2C936F4F2D7E4F4E0041DEA4 /* Release */ = {
			isa = XCBuildConfiguration;
			buildSettings = {
				ASSETCATALOG_COMPILER_APPICON_NAME = AppIcon;
				ASSETCATALOG_COMPILER_GLOBAL_ACCENT_COLOR_NAME = AccentColor;
				CODE_SIGN_STYLE = Automatic;
				CURRENT_PROJECT_VERSION = 1;
				DEVELOPMENT_TEAM = C495CY9334;
				GENERATE_INFOPLIST_FILE = YES;
				INFOPLIST_FILE = "WetherApp (Portfolio)/Info.plist";
				INFOPLIST_KEY_UIApplicationSupportsIndirectInputEvents = YES;
				INFOPLIST_KEY_UILaunchStoryboardName = LaunchScreen;
				INFOPLIST_KEY_UIMainStoryboardFile = Main;
				INFOPLIST_KEY_UISupportedInterfaceOrientations_iPad = "UIInterfaceOrientationPortrait UIInterfaceOrientationPortraitUpsideDown UIInterfaceOrientationLandscapeLeft UIInterfaceOrientationLandscapeRight";
				INFOPLIST_KEY_UISupportedInterfaceOrientations_iPhone = "UIInterfaceOrientationPortrait UIInterfaceOrientationLandscapeLeft UIInterfaceOrientationLandscapeRight";
				LD_RUNPATH_SEARCH_PATHS = (
					"$(inherited)",
					"@executable_path/Frameworks",
				);
				MARKETING_VERSION = 1.0;
				PRODUCT_BUNDLE_IDENTIFIER = "com.memotronika.WetherApp--Portfolio-";
				PRODUCT_NAME = "$(TARGET_NAME)";
				SWIFT_EMIT_LOC_STRINGS = YES;
				SWIFT_VERSION = 5.0;
				TARGETED_DEVICE_FAMILY = "1,2";
			};
			name = Release;
		};
		2C936F502D7E4F4E0041DEA4 /* Debug */ = {
			isa = XCBuildConfiguration;
			buildSettings = {
				ALWAYS_SEARCH_USER_PATHS = NO;
				ASSETCATALOG_COMPILER_GENERATE_SWIFT_ASSET_SYMBOL_EXTENSIONS = YES;
				CLANG_ANALYZER_NONNULL = YES;
				CLANG_ANALYZER_NUMBER_OBJECT_CONVERSION = YES_AGGRESSIVE;
				CLANG_CXX_LANGUAGE_STANDARD = "gnu++20";
				CLANG_ENABLE_MODULES = YES;
				CLANG_ENABLE_OBJC_ARC = YES;
				CLANG_ENABLE_OBJC_WEAK = YES;
				CLANG_WARN_BLOCK_CAPTURE_AUTORELEASING = YES;
				CLANG_WARN_BOOL_CONVERSION = YES;
				CLANG_WARN_COMMA = YES;
				CLANG_WARN_CONSTANT_CONVERSION = YES;
				CLANG_WARN_DEPRECATED_OBJC_IMPLEMENTATIONS = YES;
				CLANG_WARN_DIRECT_OBJC_ISA_USAGE = YES_ERROR;
				CLANG_WARN_DOCUMENTATION_COMMENTS = YES;
				CLANG_WARN_EMPTY_BODY = YES;
				CLANG_WARN_ENUM_CONVERSION = YES;
				CLANG_WARN_INFINITE_RECURSION = YES;
				CLANG_WARN_INT_CONVERSION = YES;
				CLANG_WARN_NON_LITERAL_NULL_CONVERSION = YES;
				CLANG_WARN_OBJC_IMPLICIT_RETAIN_SELF = YES;
				CLANG_WARN_OBJC_LITERAL_CONVERSION = YES;
				CLANG_WARN_OBJC_ROOT_CLASS = YES_ERROR;
				CLANG_WARN_QUOTED_INCLUDE_IN_FRAMEWORK_HEADER = YES;
				CLANG_WARN_RANGE_LOOP_ANALYSIS = YES;
				CLANG_WARN_STRICT_PROTOTYPES = YES;
				CLANG_WARN_SUSPICIOUS_MOVE = YES;
				CLANG_WARN_UNGUARDED_AVAILABILITY = YES_AGGRESSIVE;
				CLANG_WARN_UNREACHABLE_CODE = YES;
				CLANG_WARN__DUPLICATE_METHOD_MATCH = YES;
				COPY_PHASE_STRIP = NO;
				DEBUG_INFORMATION_FORMAT = dwarf;
				ENABLE_STRICT_OBJC_MSGSEND = YES;
				ENABLE_TESTABILITY = YES;
				ENABLE_USER_SCRIPT_SANDBOXING = YES;
				GCC_C_LANGUAGE_STANDARD = gnu17;
				GCC_DYNAMIC_NO_PIC = NO;
				GCC_NO_COMMON_BLOCKS = YES;
				GCC_OPTIMIZATION_LEVEL = 0;
				GCC_PREPROCESSOR_DEFINITIONS = (
					"DEBUG=1",
					"$(inherited)",
				);
				GCC_WARN_64_TO_32_BIT_CONVERSION = YES;
				GCC_WARN_ABOUT_RETURN_TYPE = YES_ERROR;
				GCC_WARN_UNDECLARED_SELECTOR = YES;
				GCC_WARN_UNINITIALIZED_AUTOS = YES_AGGRESSIVE;
				GCC_WARN_UNUSED_FUNCTION = YES;
				GCC_WARN_UNUSED_VARIABLE = YES;
				IPHONEOS_DEPLOYMENT_TARGET = 18.2;
				LOCALIZATION_PREFERS_STRING_CATALOGS = YES;
				MTL_ENABLE_DEBUG_INFO = INCLUDE_SOURCE;
				MTL_FAST_MATH = YES;
				ONLY_ACTIVE_ARCH = YES;
				SDKROOT = iphoneos;
				SWIFT_ACTIVE_COMPILATION_CONDITIONS = "DEBUG $(inherited)";
				SWIFT_OPTIMIZATION_LEVEL = "-Onone";
			};
			name = Debug;
		};
		2C936F512D7E4F4E0041DEA4 /* Release */ = {
			isa = XCBuildConfiguration;
			buildSettings = {
				ALWAYS_SEARCH_USER_PATHS = NO;
				ASSETCATALOG_COMPILER_GENERATE_SWIFT_ASSET_SYMBOL_EXTENSIONS = YES;
				CLANG_ANALYZER_NONNULL = YES;
				CLANG_ANALYZER_NUMBER_OBJECT_CONVERSION = YES_AGGRESSIVE;
				CLANG_CXX_LANGUAGE_STANDARD = "gnu++20";
				CLANG_ENABLE_MODULES = YES;
				CLANG_ENABLE_OBJC_ARC = YES;
				CLANG_ENABLE_OBJC_WEAK = YES;
				CLANG_WARN_BLOCK_CAPTURE_AUTORELEASING = YES;
				CLANG_WARN_BOOL_CONVERSION = YES;
				CLANG_WARN_COMMA = YES;
				CLANG_WARN_CONSTANT_CONVERSION = YES;
				CLANG_WARN_DEPRECATED_OBJC_IMPLEMENTATIONS = YES;
				CLANG_WARN_DIRECT_OBJC_ISA_USAGE = YES_ERROR;
				CLANG_WARN_DOCUMENTATION_COMMENTS = YES;
				CLANG_WARN_EMPTY_BODY = YES;
				CLANG_WARN_ENUM_CONVERSION = YES;
				CLANG_WARN_INFINITE_RECURSION = YES;
				CLANG_WARN_INT_CONVERSION = YES;
				CLANG_WARN_NON_LITERAL_NULL_CONVERSION = YES;
				CLANG_WARN_OBJC_IMPLICIT_RETAIN_SELF = YES;
				CLANG_WARN_OBJC_LITERAL_CONVERSION = YES;
				CLANG_WARN_OBJC_ROOT_CLASS = YES_ERROR;
				CLANG_WARN_QUOTED_INCLUDE_IN_FRAMEWORK_HEADER = YES;
				CLANG_WARN_RANGE_LOOP_ANALYSIS = YES;
				CLANG_WARN_STRICT_PROTOTYPES = YES;
				CLANG_WARN_SUSPICIOUS_MOVE = YES;
				CLANG_WARN_UNGUARDED_AVAILABILITY = YES_AGGRESSIVE;
				CLANG_WARN_UNREACHABLE_CODE = YES;
				CLANG_WARN__DUPLICATE_METHOD_MATCH = YES;
				COPY_PHASE_STRIP = NO;
				DEBUG_INFORMATION_FORMAT = "dwarf-with-dsym";
				ENABLE_NS_ASSERTIONS = NO;
				ENABLE_STRICT_OBJC_MSGSEND = YES;
				ENABLE_USER_SCRIPT_SANDBOXING = YES;
				GCC_C_LANGUAGE_STANDARD = gnu17;
				GCC_NO_COMMON_BLOCKS = YES;
				GCC_WARN_64_TO_32_BIT_CONVERSION = YES;
				GCC_WARN_ABOUT_RETURN_TYPE = YES_ERROR;
				GCC_WARN_UNDECLARED_SELECTOR = YES;
				GCC_WARN_UNINITIALIZED_AUTOS = YES_AGGRESSIVE;
				GCC_WARN_UNUSED_FUNCTION = YES;
				GCC_WARN_UNUSED_VARIABLE = YES;
				IPHONEOS_DEPLOYMENT_TARGET = 18.2;
				LOCALIZATION_PREFERS_STRING_CATALOGS = YES;
				MTL_ENABLE_DEBUG_INFO = NO;
				MTL_FAST_MATH = YES;
				SDKROOT = iphoneos;
				SWIFT_COMPILATION_MODE = wholemodule;
				VALIDATE_PRODUCT = YES;
			};
			name = Release;
		};
		2C936F532D7E4F4E0041DEA4 /* Debug */ = {
			isa = XCBuildConfiguration;
			buildSettings = {
				BUNDLE_LOADER = "$(TEST_HOST)";
				CODE_SIGN_STYLE = Automatic;
				CURRENT_PROJECT_VERSION = 1;
				DEVELOPMENT_TEAM = C495CY9334;
				GENERATE_INFOPLIST_FILE = YES;
				IPHONEOS_DEPLOYMENT_TARGET = 18.2;
				MARKETING_VERSION = 1.0;
				PRODUCT_BUNDLE_IDENTIFIER = "com.memotronika.WetherApp--Portfolio-Tests";
				PRODUCT_NAME = "$(TARGET_NAME)";
				SWIFT_EMIT_LOC_STRINGS = NO;
				SWIFT_VERSION = 5.0;
				TARGETED_DEVICE_FAMILY = "1,2";
				TEST_HOST = "$(BUILT_PRODUCTS_DIR)/WetherApp (Portfolio).app/$(BUNDLE_EXECUTABLE_FOLDER_PATH)/WetherApp (Portfolio)";
			};
			name = Debug;
		};
		2C936F542D7E4F4E0041DEA4 /* Release */ = {
			isa = XCBuildConfiguration;
			buildSettings = {
				BUNDLE_LOADER = "$(TEST_HOST)";
				CODE_SIGN_STYLE = Automatic;
				CURRENT_PROJECT_VERSION = 1;
				DEVELOPMENT_TEAM = C495CY9334;
				GENERATE_INFOPLIST_FILE = YES;
				IPHONEOS_DEPLOYMENT_TARGET = 18.2;
				MARKETING_VERSION = 1.0;
				PRODUCT_BUNDLE_IDENTIFIER = "com.memotronika.WetherApp--Portfolio-Tests";
				PRODUCT_NAME = "$(TARGET_NAME)";
				SWIFT_EMIT_LOC_STRINGS = NO;
				SWIFT_VERSION = 5.0;
				TARGETED_DEVICE_FAMILY = "1,2";
				TEST_HOST = "$(BUILT_PRODUCTS_DIR)/WetherApp (Portfolio).app/$(BUNDLE_EXECUTABLE_FOLDER_PATH)/WetherApp (Portfolio)";
			};
			name = Release;
		};
		2C936F562D7E4F4E0041DEA4 /* Debug */ = {
			isa = XCBuildConfiguration;
			buildSettings = {
				CODE_SIGN_STYLE = Automatic;
				CURRENT_PROJECT_VERSION = 1;
				DEVELOPMENT_TEAM = C495CY9334;
				GENERATE_INFOPLIST_FILE = YES;
				MARKETING_VERSION = 1.0;
				PRODUCT_BUNDLE_IDENTIFIER = "com.memotronika.WetherApp--Portfolio-UITests";
				PRODUCT_NAME = "$(TARGET_NAME)";
				SWIFT_EMIT_LOC_STRINGS = NO;
				SWIFT_VERSION = 5.0;
				TARGETED_DEVICE_FAMILY = "1,2";
				TEST_TARGET_NAME = "WetherApp (Portfolio)";
			};
			name = Debug;
		};
		2C936F572D7E4F4E0041DEA4 /* Release */ = {
			isa = XCBuildConfiguration;
			buildSettings = {
				CODE_SIGN_STYLE = Automatic;
				CURRENT_PROJECT_VERSION = 1;
				DEVELOPMENT_TEAM = C495CY9334;
				GENERATE_INFOPLIST_FILE = YES;
				MARKETING_VERSION = 1.0;
				PRODUCT_BUNDLE_IDENTIFIER = "com.memotronika.WetherApp--Portfolio-UITests";
				PRODUCT_NAME = "$(TARGET_NAME)";
				SWIFT_EMIT_LOC_STRINGS = NO;
				SWIFT_VERSION = 5.0;
				TARGETED_DEVICE_FAMILY = "1,2";
				TEST_TARGET_NAME = "WetherApp (Portfolio)";
			};
			name = Release;
		};
/* End XCBuildConfiguration section */

/* Begin XCConfigurationList section */
		2C936F1F2D7E4F4D0041DEA4 /* Build configuration list for PBXProject "WetherApp (Portfolio)" */ = {
			isa = XCConfigurationList;
			buildConfigurations = (
				2C936F502D7E4F4E0041DEA4 /* Debug */,
				2C936F512D7E4F4E0041DEA4 /* Release */,
			);
			defaultConfigurationIsVisible = 0;
			defaultConfigurationName = Release;
		};
		2C936F4D2D7E4F4E0041DEA4 /* Build configuration list for PBXNativeTarget "WetherApp (Portfolio)" */ = {
			isa = XCConfigurationList;
			buildConfigurations = (
				2C936F4E2D7E4F4E0041DEA4 /* Debug */,
				2C936F4F2D7E4F4E0041DEA4 /* Release */,
			);
			defaultConfigurationIsVisible = 0;
			defaultConfigurationName = Release;
		};
		2C936F522D7E4F4E0041DEA4 /* Build configuration list for PBXNativeTarget "WetherApp (Portfolio)Tests" */ = {
			isa = XCConfigurationList;
			buildConfigurations = (
				2C936F532D7E4F4E0041DEA4 /* Debug */,
				2C936F542D7E4F4E0041DEA4 /* Release */,
			);
			defaultConfigurationIsVisible = 0;
			defaultConfigurationName = Release;
		};
		2C936F552D7E4F4E0041DEA4 /* Build configuration list for PBXNativeTarget "WetherApp (Portfolio)UITests" */ = {
			isa = XCConfigurationList;
			buildConfigurations = (
				2C936F562D7E4F4E0041DEA4 /* Debug */,
				2C936F572D7E4F4E0041DEA4 /* Release */,
			);
			defaultConfigurationIsVisible = 0;
			defaultConfigurationName = Release;
		};
/* End XCConfigurationList section */
	};
	rootObject = 2C936F1C2D7E4F4D0041DEA4 /* Project object */;
}
